
Microsoft Visual Studio Solution File, Format Version 12.00
# Visual Studio 2013
VisualStudioVersion = 12.0.40629.0
MinimumVisualStudioVersion = 10.0.40219.1
Project("{8BC9CEB8-8B4A-11D0-8D11-00A0C91BC942}") = "KoalaRunDll", "KoalaRunDll\KoalaRunDll.vcxproj", "{6CA0F9F8-3CE2-46E8-828E-E738688DDEC7}"
	ProjectSection(ProjectDependencies) = postProject
		{2E63AE74-758A-4607-9DE4-D28E814A6E13} = {2E63AE74-758A-4607-9DE4-D28E814A6E13}
		{212FEEC5-E011-46E1-A300-7A9E7A2F35C6} = {212FEEC5-E011-46E1-A300-7A9E7A2F35C6}
		{9F8709E3-AC4F-45F2-8105-4A99D8E2A127} = {9F8709E3-AC4F-45F2-8105-4A99D8E2A127}
	EndProjectSection
EndProject
Project("{8BC9CEB8-8B4A-11D0-8D11-00A0C91BC942}") = "KoalaRunClient", "KoalaRunClient\KoalaRunClient.vcxproj", "{B3B3B29E-9D70-4E27-8E56-9899554C2A26}"
	ProjectSection(ProjectDependencies) = postProject
		{2E63AE74-758A-4607-9DE4-D28E814A6E13} = {2E63AE74-758A-4607-9DE4-D28E814A6E13}
		{212FEEC5-E011-46E1-A300-7A9E7A2F35C6} = {212FEEC5-E011-46E1-A300-7A9E7A2F35C6}
		{9F8709E3-AC4F-45F2-8105-4A99D8E2A127} = {9F8709E3-AC4F-45F2-8105-4A99D8E2A127}
	EndProjectSection
EndProject
Project("{8BC9CEB8-8B4A-11D0-8D11-00A0C91BC942}") = "KoalaRunBotCore", "KoalaRunBotCore\KoalaRunBotCore.vcxproj", "{212FEEC5-E011-46E1-A300-7A9E7A2F35C6}"
	ProjectSection(ProjectDependencies) = postProject
		{9F8709E3-AC4F-45F2-8105-4A99D8E2A127} = {9F8709E3-AC4F-45F2-8105-4A99D8E2A127}
	EndProjectSection
EndProject
Project("{8BC9CEB8-8B4A-11D0-8D11-00A0C91BC942}") = "Steamhammer", "Steamhammer\Steamhammer.vcxproj", "{2E63AE74-758A-4607-9DE4-D28E814A6E13}"
	ProjectSection(ProjectDependencies) = postProject
		{9F8709E3-AC4F-45F2-8105-4A99D8E2A127} = {9F8709E3-AC4F-45F2-8105-4A99D8E2A127}
	EndProjectSection
EndProject
Project("{8BC9CEB8-8B4A-11D0-8D11-00A0C91BC942}") = "BOSS", "..\BOSS\VisualStudio\BOSS.vcxproj", "{9F8709E3-AC4F-45F2-8105-4A99D8E2A127}"
EndProject
Global
	GlobalSection(SolutionConfigurationPlatforms) = preSolution
		Debug|Itanium = Debug|Itanium
		Debug|Win32 = Debug|Win32
		Debug|x64 = Debug|x64
		Release|Itanium = Release|Itanium
		Release|Win32 = Release|Win32
		Release|x64 = Release|x64
	EndGlobalSection
	GlobalSection(ProjectConfigurationPlatforms) = postSolution
		{6CA0F9F8-3CE2-46E8-828E-E738688DDEC7}.Debug|Itanium.ActiveCfg = Debug|Win32
		{6CA0F9F8-3CE2-46E8-828E-E738688DDEC7}.Debug|Win32.ActiveCfg = Debug|Win32
		{6CA0F9F8-3CE2-46E8-828E-E738688DDEC7}.Debug|Win32.Build.0 = Debug|Win32
		{6CA0F9F8-3CE2-46E8-828E-E738688DDEC7}.Debug|x64.ActiveCfg = Debug|Win32
		{6CA0F9F8-3CE2-46E8-828E-E738688DDEC7}.Release|Itanium.ActiveCfg = Release|Win32
		{6CA0F9F8-3CE2-46E8-828E-E738688DDEC7}.Release|Win32.ActiveCfg = Release|Win32
		{6CA0F9F8-3CE2-46E8-828E-E738688DDEC7}.Release|Win32.Build.0 = Release|Win32
		{6CA0F9F8-3CE2-46E8-828E-E738688DDEC7}.Release|x64.ActiveCfg = Release|Win32
		{B3B3B29E-9D70-4E27-8E56-9899554C2A26}.Debug|Itanium.ActiveCfg = Debug|Win32
		{B3B3B29E-9D70-4E27-8E56-9899554C2A26}.Debug|Win32.ActiveCfg = Debug|Win32
		{B3B3B29E-9D70-4E27-8E56-9899554C2A26}.Debug|Win32.Build.0 = Debug|Win32
		{B3B3B29E-9D70-4E27-8E56-9899554C2A26}.Debug|x64.ActiveCfg = Debug|Win32
		{B3B3B29E-9D70-4E27-8E56-9899554C2A26}.Release|Itanium.ActiveCfg = Release|Win32
		{B3B3B29E-9D70-4E27-8E56-9899554C2A26}.Release|Win32.ActiveCfg = Release|Win32
		{B3B3B29E-9D70-4E27-8E56-9899554C2A26}.Release|Win32.Build.0 = Release|Win32
		{B3B3B29E-9D70-4E27-8E56-9899554C2A26}.Release|x64.ActiveCfg = Release|Win32
		{212FEEC5-E011-46E1-A300-7A9E7A2F35C6}.Debug|Itanium.ActiveCfg = Debug|Win32
		{212FEEC5-E011-46E1-A300-7A9E7A2F35C6}.Debug|Win32.ActiveCfg = Debug|Win32
		{212FEEC5-E011-46E1-A300-7A9E7A2F35C6}.Debug|Win32.Build.0 = Debug|Win32
		{212FEEC5-E011-46E1-A300-7A9E7A2F35C6}.Debug|x64.ActiveCfg = Debug|Win32
		{212FEEC5-E011-46E1-A300-7A9E7A2F35C6}.Release|Itanium.ActiveCfg = Release|Win32
		{212FEEC5-E011-46E1-A300-7A9E7A2F35C6}.Release|Win32.ActiveCfg = Release|Win32
		{212FEEC5-E011-46E1-A300-7A9E7A2F35C6}.Release|Win32.Build.0 = Release|Win32
		{212FEEC5-E011-46E1-A300-7A9E7A2F35C6}.Release|x64.ActiveCfg = Release|Win32
		{2E63AE74-758A-4607-9DE4-D28E814A6E13}.Debug|Itanium.ActiveCfg = Debug|Win32
		{2E63AE74-758A-4607-9DE4-D28E814A6E13}.Debug|Win32.ActiveCfg = Debug|Win32
		{2E63AE74-758A-4607-9DE4-D28E814A6E13}.Debug|Win32.Build.0 = Debug|Win32
		{2E63AE74-758A-4607-9DE4-D28E814A6E13}.Debug|x64.ActiveCfg = Debug|Win32
		{2E63AE74-758A-4607-9DE4-D28E814A6E13}.Release|Itanium.ActiveCfg = Release|Win32
		{2E63AE74-758A-4607-9DE4-D28E814A6E13}.Release|Win32.ActiveCfg = Release|Win32
		{2E63AE74-758A-4607-9DE4-D28E814A6E13}.Release|Win32.Build.0 = Release|Win32
		{2E63AE74-758A-4607-9DE4-D28E814A6E13}.Release|x64.ActiveCfg = Release|Win32
		{9F8709E3-AC4F-45F2-8105-4A99D8E2A127}.Debug|Itanium.ActiveCfg = Debug|Win32
		{9F8709E3-AC4F-45F2-8105-4A99D8E2A127}.Debug|Win32.ActiveCfg = Debug|Win32
		{9F8709E3-AC4F-45F2-8105-4A99D8E2A127}.Debug|Win32.Build.0 = Debug|Win32
		{9F8709E3-AC4F-45F2-8105-4A99D8E2A127}.Debug|x64.ActiveCfg = Debug|Win32
		{9F8709E3-AC4F-45F2-8105-4A99D8E2A127}.Release|Itanium.ActiveCfg = Release|Win32
		{9F8709E3-AC4F-45F2-8105-4A99D8E2A127}.Release|Win32.ActiveCfg = Release|Win32
		{9F8709E3-AC4F-45F2-8105-4A99D8E2A127}.Release|Win32.Build.0 = Release|Win32
		{9F8709E3-AC4F-45F2-8105-4A99D8E2A127}.Release|x64.ActiveCfg = Release|Win32
	EndGlobalSection
	GlobalSection(SolutionProperties) = preSolution
		HideSolutionNode = FALSE
	EndGlobalSection
EndGlobal
